
Microsoft Visual Studio Solution File, Format Version 12.00
# Visual Studio 15
Project("{FAE04EC0-301F-11D3-BF4B-00C04F79EFBC}") = "Assembly-CSharp", "Assembly-CSharp.csproj", "{4977E1B6-A2A7-1B17-B025-050D8AAC3700}"
EndProject
Project("{FAE04EC0-301F-11D3-BF4B-00C04F79EFBC}") = "Assembly-CSharp-Editor", "Assembly-CSharp-Editor.csproj", "{417EBEA4-E5E2-BD01-CA73-19A801C67DF6}"
EndProject
Global
	GlobalSection(SolutionConfigurationPlatforms) = preSolution
		Debug|Any CPU = Debug|Any CPU
		Release|Any CPU = Release|Any CPU
	EndGlobalSection
	GlobalSection(ProjectConfigurationPlatforms) = postSolution
		{4977E1B6-A2A7-1B17-B025-050D8AAC3700}.Debug|Any CPU.ActiveCfg = Debug|Any CPU
		{4977E1B6-A2A7-1B17-B025-050D8AAC3700}.Debug|Any CPU.Build.0 = Debug|Any CPU
		{4977E1B6-A2A7-1B17-B025-050D8AAC3700}.Release|Any CPU.ActiveCfg = Release|Any CPU
		{4977E1B6-A2A7-1B17-B025-050D8AAC3700}.Release|Any CPU.Build.0 = Release|Any CPU
		{417EBEA4-E5E2-BD01-CA73-19A801C67DF6}.Debug|Any CPU.ActiveCfg = Debug|Any CPU
		{417EBEA4-E5E2-BD01-CA73-19A801C67DF6}.Debug|Any CPU.Build.0 = Debug|Any CPU
		{417EBEA4-E5E2-BD01-CA73-19A801C67DF6}.Release|Any CPU.ActiveCfg = Release|Any CPU
		{417EBEA4-E5E2-BD01-CA73-19A801C67DF6}.Release|Any CPU.Build.0 = Release|Any CPU
	EndGlobalSection
	GlobalSection(SolutionProperties) = preSolution
		HideSolutionNode = FALSE
	EndGlobalSection
EndGlobal
